<?xml version="1.0" encoding="utf-8"?>
<Project ToolsVersion="4.0" xmlns="http://schemas.microsoft.com/developer/msbuild/2003">
  <ItemGroup>
    <ClCompile Include="src\NetworkClient.cpp" />
    <ClCompile Include="src\Networking.h" />
    <ClCompile Include="src\NetworkServer.cpp" />
    <ClCompile Include="src\Audio.cpp" />
    <ClCompile Include="src\GameObject.cpp" />
    <ClCompile Include="src\Animation.cpp" />
    <ClCompile Include="src\Sound.cpp" />
    <ClCompile Include="src\Sprite.cpp" />
    <ClCompile Include="src\BitmapManager.cpp" />
    <ClCompile Include="src\Game.cpp" />
    <ClCompile Include="src\Main.cpp" />
    <ClCompile Include="src\TilesheetMap.cpp" />
    <ClCompile Include="src\ServerHostTest.cpp" />
    <ClCompile Include="src\Camera.cpp" />
    <ClCompile Include="src\InputMap.cpp" />
  </ItemGroup>
  <ItemGroup>
    <ClInclude Include="src\Audio.h" />
    <ClInclude Include="src\GameObject.h" />
    <ClInclude Include="src\Animation.h" />
    <ClInclude Include="src\Sound.h" />
    <ClInclude Include="src\Sprite.h" />
    <ClInclude Include="src\BitmapManager.h" />
    <ClInclude Include="src\Game.h" />
    <ClInclude Include="src\TilesheetMap.h" />
    <ClInclude Include="src\Camera.h" />
    <ClInclude Include="src\InputMap.h" />
  </ItemGroup>
</Project>